
Microsoft Visual Studio Solution File, Format Version 12.00
# Visual Studio 2012
Project("{FAE04EC0-301F-11D3-BF4B-00C04F79EFBC}") = "remoteNotes", "remoteNotes\remoteNotes.csproj", "{84A40CCF-6839-4F9E-9B55-DA882684A77B}"
EndProject
Project("{FAE04EC0-301F-11D3-BF4B-00C04F79EFBC}") = "remoteNotesLib", "remoteNotesLib\remoteNotesLib.csproj", "{E63369C1-510B-4C1F-9974-FA10D6C5FCD4}"
EndProject
Project("{FAE04EC0-301F-11D3-BF4B-00C04F79EFBC}") = "remoteLibServer", "remoteLibServer\remoteLibServer.csproj", "{15C86BFA-2046-436C-94F2-8AEAE491FB35}"
EndProject
Global
	GlobalSection(SolutionConfigurationPlatforms) = preSolution
		Debug|x86 = Debug|x86
		Release|x86 = Release|x86
	EndGlobalSection
	GlobalSection(ProjectConfigurationPlatforms) = postSolution
		{15C86BFA-2046-436C-94F2-8AEAE491FB35}.Debug|x86.ActiveCfg = Debug|x86
		{15C86BFA-2046-436C-94F2-8AEAE491FB35}.Debug|x86.Build.0 = Debug|x86
		{15C86BFA-2046-436C-94F2-8AEAE491FB35}.Release|x86.ActiveCfg = Release|x86
		{15C86BFA-2046-436C-94F2-8AEAE491FB35}.Release|x86.Build.0 = Release|x86
		{84A40CCF-6839-4F9E-9B55-DA882684A77B}.Debug|x86.ActiveCfg = Debug|x86
		{84A40CCF-6839-4F9E-9B55-DA882684A77B}.Debug|x86.Build.0 = Debug|x86
		{84A40CCF-6839-4F9E-9B55-DA882684A77B}.Release|x86.ActiveCfg = Release|x86
		{84A40CCF-6839-4F9E-9B55-DA882684A77B}.Release|x86.Build.0 = Release|x86
		{E63369C1-510B-4C1F-9974-FA10D6C5FCD4}.Debug|x86.ActiveCfg = Debug|Any CPU
		{E63369C1-510B-4C1F-9974-FA10D6C5FCD4}.Debug|x86.Build.0 = Debug|Any CPU
		{E63369C1-510B-4C1F-9974-FA10D6C5FCD4}.Release|x86.ActiveCfg = Release|Any CPU
		{E63369C1-510B-4C1F-9974-FA10D6C5FCD4}.Release|x86.Build.0 = Release|Any CPU
	EndGlobalSection
	GlobalSection(MonoDevelopProperties) = preSolution
		Policies = $0
		$0.TextStylePolicy = $1
		$1.FileWidth = 120
		$1.TabWidth = 2
		$1.IndentWidth = 4
		$1.inheritsSet = Mono
		$1.inheritsScope = text/plain
		$1.scope = text/x-csharp
		$0.CSharpFormattingPolicy = $2
		$2.IndentSwitchBody = True
		$2.StatementBraceStyle = NextLineShifted2
		$2.BeforeMethodDeclarationParentheses = False
		$2.BeforeMethodCallParentheses = False
		$2.BeforeConstructorDeclarationParentheses = False
		$2.NewLineBeforeConstructorInitializerColon = NewLine
		$2.NewLineAfterConstructorInitializerColon = SameLine
		$2.BeforeDelegateDeclarationParentheses = False
		$2.NewParentheses = False
		$2.SpacesBeforeBrackets = False
		$2.inheritsSet = Mono
		$2.inheritsScope = text/x-csharp
		$2.scope = text/x-csharp
		$0.TextStylePolicy = $3
		$3.FileWidth = 120
		$3.TabsToSpaces = False
		$3.inheritsSet = VisualStudio
		$3.inheritsScope = text/plain
		$3.scope = text/plain
	EndGlobalSection
EndGlobal
